
Microsoft Visual Studio Solution File, Format Version 12.00
# Visual Studio 15
VisualStudioVersion = 15.0.26730.12
MinimumVisualStudioVersion = 10.0.40219.1
Project("{2150E333-8FDC-42A3-9474-1A3956D46DE8}") = "Authentication", "Authentication", "{67728E41-4EC4-4113-8D45-85D6BBA0A08F}"
EndProject
Project("{2150E333-8FDC-42A3-9474-1A3956D46DE8}") = "Bookstore", "Bookstore", "{A0B0EC16-4F27-4579-98D3-C82845E1AEDB}"
EndProject
Project("{2150E333-8FDC-42A3-9474-1A3956D46DE8}") = "History", "History", "{B5643546-D697-42E0-97E9-96DD5BA88065}"
EndProject
Project("{9A19103F-16F7-4668-BE54-9A1E7A4F7556}") = "BookstoreService.Base", "BookstoreService.Base\BookstoreService.Base.csproj", "{653BC8C6-B94C-46AC-A141-CE001FB356D5}"
EndProject
Project("{9A19103F-16F7-4668-BE54-9A1E7A4F7556}") = "AuthenticationService.Host", "Authentication\AuthenticationService.Host\AuthenticationService.Host.csproj", "{F4F25ADF-2EF3-4AC6-AB96-13B5393519CB}"
EndProject
Project("{9A19103F-16F7-4668-BE54-9A1E7A4F7556}") = "BookstoreService.Host", "Bookstore\BookstoreService.Host\BookstoreService.Host.csproj", "{1037CC9F-8288-43A8-9842-7459430C8783}"
EndProject
Project("{9A19103F-16F7-4668-BE54-9A1E7A4F7556}") = "HistoryService.Host", "History\HistoryService.Host\HistoryService.Host.csproj", "{9F046181-5A41-4E99-876C-A263691E909F}"
EndProject
Project("{9A19103F-16F7-4668-BE54-9A1E7A4F7556}") = "AuthenticationService.DataAccessLayer", "Authentication\AuthenticationService.DataAccessLayer\AuthenticationService.DataAccessLayer.csproj", "{96AB4FC4-85BC-459E-A302-9EC7F95074FC}"
EndProject
Project("{9A19103F-16F7-4668-BE54-9A1E7A4F7556}") = "AuthenticationService.BusinessLayer", "Authentication\AuthenticationService.BusinessLayer\AuthenticationService.BusinessLayer.csproj", "{25912A9A-0788-4C9E-BF6B-3858920330A0}"
EndProject
Project("{9A19103F-16F7-4668-BE54-9A1E7A4F7556}") = "AuthenticationService.Controllers", "Authentication\AuthenticationService.Controllers\AuthenticationService.Controllers.csproj", "{46193044-20CD-44D8-86BD-DEE2DB1C2DF8}"
EndProject
Project("{9A19103F-16F7-4668-BE54-9A1E7A4F7556}") = "BookstoreService.DataAccessLayer", "Bookstore\BookstoreService.DataAccessLayer\BookstoreService.DataAccessLayer.csproj", "{422AC807-FC08-448A-8A7F-ACABFE010CEE}"
EndProject
Project("{FAE04EC0-301F-11D3-BF4B-00C04F79EFBC}") = "BookstoreService.BusinessLayer", "Bookstore\BookstoreService.BusinessLayer\BookstoreService.BusinessLayer.csproj", "{9C26BE32-3E21-430A-A223-89A4464D5EE3}"
EndProject
Global
	GlobalSection(SolutionConfigurationPlatforms) = preSolution
		Debug|Any CPU = Debug|Any CPU
		Release|Any CPU = Release|Any CPU
	EndGlobalSection
	GlobalSection(ProjectConfigurationPlatforms) = postSolution
		{653BC8C6-B94C-46AC-A141-CE001FB356D5}.Debug|Any CPU.ActiveCfg = Debug|Any CPU
		{653BC8C6-B94C-46AC-A141-CE001FB356D5}.Debug|Any CPU.Build.0 = Debug|Any CPU
		{653BC8C6-B94C-46AC-A141-CE001FB356D5}.Release|Any CPU.ActiveCfg = Release|Any CPU
		{653BC8C6-B94C-46AC-A141-CE001FB356D5}.Release|Any CPU.Build.0 = Release|Any CPU
		{F4F25ADF-2EF3-4AC6-AB96-13B5393519CB}.Debug|Any CPU.ActiveCfg = Debug|Any CPU
		{F4F25ADF-2EF3-4AC6-AB96-13B5393519CB}.Debug|Any CPU.Build.0 = Debug|Any CPU
		{F4F25ADF-2EF3-4AC6-AB96-13B5393519CB}.Release|Any CPU.ActiveCfg = Release|Any CPU
		{F4F25ADF-2EF3-4AC6-AB96-13B5393519CB}.Release|Any CPU.Build.0 = Release|Any CPU
		{1037CC9F-8288-43A8-9842-7459430C8783}.Debug|Any CPU.ActiveCfg = Debug|Any CPU
		{1037CC9F-8288-43A8-9842-7459430C8783}.Debug|Any CPU.Build.0 = Debug|Any CPU
		{1037CC9F-8288-43A8-9842-7459430C8783}.Release|Any CPU.ActiveCfg = Release|Any CPU
		{1037CC9F-8288-43A8-9842-7459430C8783}.Release|Any CPU.Build.0 = Release|Any CPU
		{9F046181-5A41-4E99-876C-A263691E909F}.Debug|Any CPU.ActiveCfg = Debug|Any CPU
		{9F046181-5A41-4E99-876C-A263691E909F}.Debug|Any CPU.Build.0 = Debug|Any CPU
		{9F046181-5A41-4E99-876C-A263691E909F}.Release|Any CPU.ActiveCfg = Release|Any CPU
		{9F046181-5A41-4E99-876C-A263691E909F}.Release|Any CPU.Build.0 = Release|Any CPU
		{96AB4FC4-85BC-459E-A302-9EC7F95074FC}.Debug|Any CPU.ActiveCfg = Debug|Any CPU
		{96AB4FC4-85BC-459E-A302-9EC7F95074FC}.Debug|Any CPU.Build.0 = Debug|Any CPU
		{96AB4FC4-85BC-459E-A302-9EC7F95074FC}.Release|Any CPU.ActiveCfg = Release|Any CPU
		{96AB4FC4-85BC-459E-A302-9EC7F95074FC}.Release|Any CPU.Build.0 = Release|Any CPU
		{25912A9A-0788-4C9E-BF6B-3858920330A0}.Debug|Any CPU.ActiveCfg = Debug|Any CPU
		{25912A9A-0788-4C9E-BF6B-3858920330A0}.Debug|Any CPU.Build.0 = Debug|Any CPU
		{25912A9A-0788-4C9E-BF6B-3858920330A0}.Release|Any CPU.ActiveCfg = Release|Any CPU
		{25912A9A-0788-4C9E-BF6B-3858920330A0}.Release|Any CPU.Build.0 = Release|Any CPU
		{46193044-20CD-44D8-86BD-DEE2DB1C2DF8}.Debug|Any CPU.ActiveCfg = Debug|Any CPU
		{46193044-20CD-44D8-86BD-DEE2DB1C2DF8}.Debug|Any CPU.Build.0 = Debug|Any CPU
		{46193044-20CD-44D8-86BD-DEE2DB1C2DF8}.Release|Any CPU.ActiveCfg = Release|Any CPU
		{46193044-20CD-44D8-86BD-DEE2DB1C2DF8}.Release|Any CPU.Build.0 = Release|Any CPU
		{422AC807-FC08-448A-8A7F-ACABFE010CEE}.Debug|Any CPU.ActiveCfg = Debug|Any CPU
		{422AC807-FC08-448A-8A7F-ACABFE010CEE}.Debug|Any CPU.Build.0 = Debug|Any CPU
		{422AC807-FC08-448A-8A7F-ACABFE010CEE}.Release|Any CPU.ActiveCfg = Release|Any CPU
		{422AC807-FC08-448A-8A7F-ACABFE010CEE}.Release|Any CPU.Build.0 = Release|Any CPU
		{9C26BE32-3E21-430A-A223-89A4464D5EE3}.Debug|Any CPU.ActiveCfg = Debug|Any CPU
		{9C26BE32-3E21-430A-A223-89A4464D5EE3}.Debug|Any CPU.Build.0 = Debug|Any CPU
		{9C26BE32-3E21-430A-A223-89A4464D5EE3}.Release|Any CPU.ActiveCfg = Release|Any CPU
		{9C26BE32-3E21-430A-A223-89A4464D5EE3}.Release|Any CPU.Build.0 = Release|Any CPU
	EndGlobalSection
	GlobalSection(SolutionProperties) = preSolution
		HideSolutionNode = FALSE
	EndGlobalSection
	GlobalSection(NestedProjects) = preSolution
		{F4F25ADF-2EF3-4AC6-AB96-13B5393519CB} = {67728E41-4EC4-4113-8D45-85D6BBA0A08F}
		{1037CC9F-8288-43A8-9842-7459430C8783} = {A0B0EC16-4F27-4579-98D3-C82845E1AEDB}
		{9F046181-5A41-4E99-876C-A263691E909F} = {B5643546-D697-42E0-97E9-96DD5BA88065}
		{96AB4FC4-85BC-459E-A302-9EC7F95074FC} = {67728E41-4EC4-4113-8D45-85D6BBA0A08F}
		{25912A9A-0788-4C9E-BF6B-3858920330A0} = {67728E41-4EC4-4113-8D45-85D6BBA0A08F}
		{46193044-20CD-44D8-86BD-DEE2DB1C2DF8} = {67728E41-4EC4-4113-8D45-85D6BBA0A08F}
		{422AC807-FC08-448A-8A7F-ACABFE010CEE} = {A0B0EC16-4F27-4579-98D3-C82845E1AEDB}
		{9C26BE32-3E21-430A-A223-89A4464D5EE3} = {A0B0EC16-4F27-4579-98D3-C82845E1AEDB}
	EndGlobalSection
	GlobalSection(ExtensibilityGlobals) = postSolution
		SolutionGuid = {4C924F67-F26F-4248-8065-F06F552A1A56}
	EndGlobalSection
EndGlobal
